// !$*UTF8*$!
{
	archiveVersion = 1;
	classes = {
	};
	objectVersion = 50;
	objects = {

/* Begin PBXBuildFile section */
		F71EB2B021EF2E08009810B9 /* Sport.swift in Sources */ = {isa = PBXBuildFile; fileRef = F71EB2AF21EF2E08009810B9 /* Sport.swift */; };
		F71EB2B221EF2E27009810B9 /* Dati.swift in Sources */ = {isa = PBXBuildFile; fileRef = F71EB2B121EF2E27009810B9 /* Dati.swift */; };
		F71EB2B721EF2E38009810B9 /* rugby.png in Resources */ = {isa = PBXBuildFile; fileRef = F71EB2B421EF2E38009810B9 /* rugby.png */; };
		F71EB2B821EF2E38009810B9 /* motorsport.png in Resources */ = {isa = PBXBuildFile; fileRef = F71EB2B521EF2E38009810B9 /* motorsport.png */; };
		F71EB2BF21EF37C4009810B9 /* stellaPiena.png in Resources */ = {isa = PBXBuildFile; fileRef = F71EB2BE21EF37C4009810B9 /* stellaPiena.png */; };
		F71EB2C121EF37CC009810B9 /* stellaVuota.png in Resources */ = {isa = PBXBuildFile; fileRef = F71EB2C021EF37CC009810B9 /* stellaVuota.png */; };
		F71EB2C621F09ABB009810B9 /* calcioIco.png in Resources */ = {isa = PBXBuildFile; fileRef = F71EB2C421F09ABB009810B9 /* calcioIco.png */; };
		F71EB2C821F09AD2009810B9 /* stellaIco.png in Resources */ = {isa = PBXBuildFile; fileRef = F71EB2C721F09AD2009810B9 /* stellaIco.png */; };
		F71EB2CA21F09C2E009810B9 /* campoIco.png in Resources */ = {isa = PBXBuildFile; fileRef = F71EB2C921F09C2D009810B9 /* campoIco.png */; };
		F71EB2CE21F09F85009810B9 /* info.png in Resources */ = {isa = PBXBuildFile; fileRef = F71EB2CD21F09F84009810B9 /* info.png */; };
		F71EB2D221F1D16A009810B9 /* loader.png in Resources */ = {isa = PBXBuildFile; fileRef = F71EB2D121F1D168009810B9 /* loader.png */; };
		F73332F4221E90110067471A /* NoEventi.swift in Sources */ = {isa = PBXBuildFile; fileRef = F73332F3221E90110067471A /* NoEventi.swift */; };
		F74991BB21EF29C300BAB175 /* AppDelegate.swift in Sources */ = {isa = PBXBuildFile; fileRef = F74991BA21EF29C300BAB175 /* AppDelegate.swift */; };
		F74991C021EF29C300BAB175 /* Main.storyboard in Resources */ = {isa = PBXBuildFile; fileRef = F74991BE21EF29C300BAB175 /* Main.storyboard */; };
		F74991C221EF29C500BAB175 /* Assets.xcassets in Resources */ = {isa = PBXBuildFile; fileRef = F74991C121EF29C500BAB175 /* Assets.xcassets */; };
		F74991C521EF29C500BAB175 /* LaunchScreen.storyboard in Resources */ = {isa = PBXBuildFile; fileRef = F74991C321EF29C500BAB175 /* LaunchScreen.storyboard */; };
		F74991D021EF29C500BAB175 /* Lazzarin_S_sportAppTests.swift in Sources */ = {isa = PBXBuildFile; fileRef = F74991CF21EF29C500BAB175 /* Lazzarin_S_sportAppTests.swift */; };
		F74991DB21EF29C500BAB175 /* Lazzarin_S_sportAppUITests.swift in Sources */ = {isa = PBXBuildFile; fileRef = F74991DA21EF29C500BAB175 /* Lazzarin_S_sportAppUITests.swift */; };
		F75929B621FAFCDC0033F4F8 /* ViewAttesa.swift in Sources */ = {isa = PBXBuildFile; fileRef = F75929B521FAFCDC0033F4F8 /* ViewAttesa.swift */; };
		F75929B921FB1AC70033F4F8 /* League.swift in Sources */ = {isa = PBXBuildFile; fileRef = F75929B821FB1AC70033F4F8 /* League.swift */; };
		F75929BB21FB85EB0033F4F8 /* search.png in Resources */ = {isa = PBXBuildFile; fileRef = F75929BA21FB85EB0033F4F8 /* search.png */; };
		F75929BD21FB86780033F4F8 /* back.png in Resources */ = {isa = PBXBuildFile; fileRef = F75929BC21FB86780033F4F8 /* back.png */; };
		F75929C321FB87B60033F4F8 /* cerchio.png in Resources */ = {isa = PBXBuildFile; fileRef = F75929C221FB87B60033F4F8 /* cerchio.png */; };
		F75E54512202E8740094CC60 /* elementoRicerca.swift in Sources */ = {isa = PBXBuildFile; fileRef = F75E54502202E8740094CC60 /* elementoRicerca.swift */; };
		F75E54532202FE0B0094CC60 /* elementoSport.swift in Sources */ = {isa = PBXBuildFile; fileRef = F75E54522202FE0B0094CC60 /* elementoSport.swift */; };
		F75E545A22042A090094CC60 /* Cerca.swift in Sources */ = {isa = PBXBuildFile; fileRef = F75E545922042A090094CC60 /* Cerca.swift */; };
		F75ED37C221D4A0E000F7308 /* Eventi.swift in Sources */ = {isa = PBXBuildFile; fileRef = F75ED37B221D4A0E000F7308 /* Eventi.swift */; };
		F7651C71221443CC00E0ABBC /* Internet.swift in Sources */ = {isa = PBXBuildFile; fileRef = F7651C70221443CC00E0ABBC /* Internet.swift */; };
		F76B913B21F9B229007A460F /* player.png in Resources */ = {isa = PBXBuildFile; fileRef = F76B913A21F9B229007A460F /* player.png */; };
		F76B913D21F9B261007A460F /* team.png in Resources */ = {isa = PBXBuildFile; fileRef = F76B913C21F9B260007A460F /* team.png */; };
		F7755B0521F718A200881DA8 /* settingIco.png in Resources */ = {isa = PBXBuildFile; fileRef = F7755B0421F718A200881DA8 /* settingIco.png */; };
		F7C92DA721F9CEB3003A14C1 /* Preferiti.swift in Sources */ = {isa = PBXBuildFile; fileRef = F7C92DA621F9CEB2003A14C1 /* Preferiti.swift */; };
/* End PBXBuildFile section */

/* Begin PBXContainerItemProxy section */
		F74991CC21EF29C500BAB175 /* PBXContainerItemProxy */ = {
			isa = PBXContainerItemProxy;
			containerPortal = F74991AF21EF29C300BAB175 /* Project object */;
			proxyType = 1;
			remoteGlobalIDString = F74991B621EF29C300BAB175;
			remoteInfo = Lazzarin_S_sportApp;
		};
		F74991D721EF29C500BAB175 /* PBXContainerItemProxy */ = {
			isa = PBXContainerItemProxy;
			containerPortal = F74991AF21EF29C300BAB175 /* Project object */;
			proxyType = 1;
			remoteGlobalIDString = F74991B621EF29C300BAB175;
			remoteInfo = Lazzarin_S_sportApp;
		};
/* End PBXContainerItemProxy section */

/* Begin PBXFileReference section */
		F71EB2AF21EF2E08009810B9 /* Sport.swift */ = {isa = PBXFileReference; lastKnownFileType = sourcecode.swift; path = Sport.swift; sourceTree = "<group>"; };
		F71EB2B121EF2E27009810B9 /* Dati.swift */ = {isa = PBXFileReference; fileEncoding = 4; lastKnownFileType = sourcecode.swift; path = Dati.swift; sourceTree = "<group>"; };
		F71EB2B421EF2E38009810B9 /* rugby.png */ = {isa = PBXFileReference; lastKnownFileType = image.png; path = rugby.png; sourceTree = "<group>"; };
		F71EB2B521EF2E38009810B9 /* motorsport.png */ = {isa = PBXFileReference; lastKnownFileType = image.png; path = motorsport.png; sourceTree = "<group>"; };
		F71EB2BE21EF37C4009810B9 /* stellaPiena.png */ = {isa = PBXFileReference; lastKnownFileType = image.png; path = stellaPiena.png; sourceTree = "<group>"; };
		F71EB2C021EF37CC009810B9 /* stellaVuota.png */ = {isa = PBXFileReference; lastKnownFileType = image.png; path = stellaVuota.png; sourceTree = "<group>"; };
		F71EB2C421F09ABB009810B9 /* calcioIco.png */ = {isa = PBXFileReference; lastKnownFileType = image.png; path = calcioIco.png; sourceTree = "<group>"; };
		F71EB2C721F09AD2009810B9 /* stellaIco.png */ = {isa = PBXFileReference; lastKnownFileType = image.png; path = stellaIco.png; sourceTree = "<group>"; };
		F71EB2C921F09C2D009810B9 /* campoIco.png */ = {isa = PBXFileReference; lastKnownFileType = image.png; path = campoIco.png; sourceTree = "<group>"; };
		F71EB2CD21F09F84009810B9 /* info.png */ = {isa = PBXFileReference; lastKnownFileType = image.png; path = info.png; sourceTree = "<group>"; };
		F71EB2D121F1D168009810B9 /* loader.png */ = {isa = PBXFileReference; lastKnownFileType = image.png; path = loader.png; sourceTree = "<group>"; };
		F73332F3221E90110067471A /* NoEventi.swift */ = {isa = PBXFileReference; lastKnownFileType = sourcecode.swift; path = NoEventi.swift; sourceTree = "<group>"; };
		F74991B721EF29C300BAB175 /* Lazzarin_S_sportApp.app */ = {isa = PBXFileReference; explicitFileType = wrapper.application; includeInIndex = 0; path = Lazzarin_S_sportApp.app; sourceTree = BUILT_PRODUCTS_DIR; };
		F74991BA21EF29C300BAB175 /* AppDelegate.swift */ = {isa = PBXFileReference; lastKnownFileType = sourcecode.swift; path = AppDelegate.swift; sourceTree = "<group>"; };
		F74991BF21EF29C300BAB175 /* Base */ = {isa = PBXFileReference; lastKnownFileType = file.storyboard; name = Base; path = Base.lproj/Main.storyboard; sourceTree = "<group>"; };
		F74991C121EF29C500BAB175 /* Assets.xcassets */ = {isa = PBXFileReference; lastKnownFileType = folder.assetcatalog; path = Assets.xcassets; sourceTree = "<group>"; };
		F74991C421EF29C500BAB175 /* Base */ = {isa = PBXFileReference; lastKnownFileType = file.storyboard; name = Base; path = Base.lproj/LaunchScreen.storyboard; sourceTree = "<group>"; };
		F74991C621EF29C500BAB175 /* Info.plist */ = {isa = PBXFileReference; lastKnownFileType = text.plist.xml; path = Info.plist; sourceTree = "<group>"; };
		F74991CB21EF29C500BAB175 /* Lazzarin_S_sportAppTests.xctest */ = {isa = PBXFileReference; explicitFileType = wrapper.cfbundle; includeInIndex = 0; path = Lazzarin_S_sportAppTests.xctest; sourceTree = BUILT_PRODUCTS_DIR; };
		F74991CF21EF29C500BAB175 /* Lazzarin_S_sportAppTests.swift */ = {isa = PBXFileReference; lastKnownFileType = sourcecode.swift; path = Lazzarin_S_sportAppTests.swift; sourceTree = "<group>"; };
		F74991D121EF29C500BAB175 /* Info.plist */ = {isa = PBXFileReference; lastKnownFileType = text.plist.xml; path = Info.plist; sourceTree = "<group>"; };
		F74991D621EF29C500BAB175 /* Lazzarin_S_sportAppUITests.xctest */ = {isa = PBXFileReference; explicitFileType = wrapper.cfbundle; includeInIndex = 0; path = Lazzarin_S_sportAppUITests.xctest; sourceTree = BUILT_PRODUCTS_DIR; };
		F74991DA21EF29C500BAB175 /* Lazzarin_S_sportAppUITests.swift */ = {isa = PBXFileReference; lastKnownFileType = sourcecode.swift; path = Lazzarin_S_sportAppUITests.swift; sourceTree = "<group>"; };
		F74991DC21EF29C500BAB175 /* Info.plist */ = {isa = PBXFileReference; lastKnownFileType = text.plist.xml; path = Info.plist; sourceTree = "<group>"; };
		F75929B521FAFCDC0033F4F8 /* ViewAttesa.swift */ = {isa = PBXFileReference; lastKnownFileType = sourcecode.swift; path = ViewAttesa.swift; sourceTree = "<group>"; };
		F75929B821FB1AC70033F4F8 /* League.swift */ = {isa = PBXFileReference; lastKnownFileType = sourcecode.swift; path = League.swift; sourceTree = "<group>"; };
		F75929BA21FB85EB0033F4F8 /* search.png */ = {isa = PBXFileReference; lastKnownFileType = image.png; path = search.png; sourceTree = "<group>"; };
		F75929BC21FB86780033F4F8 /* back.png */ = {isa = PBXFileReference; lastKnownFileType = image.png; path = back.png; sourceTree = "<group>"; };
		F75929C221FB87B60033F4F8 /* cerchio.png */ = {isa = PBXFileReference; lastKnownFileType = image.png; path = cerchio.png; sourceTree = "<group>"; };
		F75E54502202E8740094CC60 /* elementoRicerca.swift */ = {isa = PBXFileReference; lastKnownFileType = sourcecode.swift; path = elementoRicerca.swift; sourceTree = "<group>"; };
		F75E54522202FE0B0094CC60 /* elementoSport.swift */ = {isa = PBXFileReference; lastKnownFileType = sourcecode.swift; path = elementoSport.swift; sourceTree = "<group>"; };
		F75E545922042A090094CC60 /* Cerca.swift */ = {isa = PBXFileReference; fileEncoding = 4; lastKnownFileType = sourcecode.swift; path = Cerca.swift; sourceTree = "<group>"; };
		F75ED37B221D4A0E000F7308 /* Eventi.swift */ = {isa = PBXFileReference; lastKnownFileType = sourcecode.swift; path = Eventi.swift; sourceTree = "<group>"; };
		F7651C70221443CC00E0ABBC /* Internet.swift */ = {isa = PBXFileReference; lastKnownFileType = sourcecode.swift; path = Internet.swift; sourceTree = "<group>"; };
		F76B913A21F9B229007A460F /* player.png */ = {isa = PBXFileReference; lastKnownFileType = image.png; path = player.png; sourceTree = "<group>"; };
		F76B913C21F9B260007A460F /* team.png */ = {isa = PBXFileReference; lastKnownFileType = image.png; path = team.png; sourceTree = "<group>"; };
		F7755B0421F718A200881DA8 /* settingIco.png */ = {isa = PBXFileReference; lastKnownFileType = image.png; path = settingIco.png; sourceTree = "<group>"; };
		F7C92DA621F9CEB2003A14C1 /* Preferiti.swift */ = {isa = PBXFileReference; lastKnownFileType = sourcecode.swift; path = Preferiti.swift; sourceTree = "<group>"; };
/* End PBXFileReference section */

/* Begin PBXFrameworksBuildPhase section */
		F74991B421EF29C300BAB175 /* Frameworks */ = {
			isa = PBXFrameworksBuildPhase;
			buildActionMask = 2147483647;
			files = (
			);
			runOnlyForDeploymentPostprocessing = 0;
		};
		F74991C821EF29C500BAB175 /* Frameworks */ = {
			isa = PBXFrameworksBuildPhase;
			buildActionMask = 2147483647;
			files = (
			);
			runOnlyForDeploymentPostprocessing = 0;
		};
		F74991D321EF29C500BAB175 /* Frameworks */ = {
			isa = PBXFrameworksBuildPhase;
			buildActionMask = 2147483647;
			files = (
			);
			runOnlyForDeploymentPostprocessing = 0;
		};
/* End PBXFrameworksBuildPhase section */

/* Begin PBXGroup section */
		F71EB2AC21EF2D61009810B9 /* Immagini */ = {
			isa = PBXGroup;
			children = (
				F77361CE220AD7B4000AABE0 /* Bandiere */,
				F76B913721F9B1B8007A460F /* Cerca */,
				F71EB2C221F09AA2009810B9 /* Icone */,
				F71EB2BD21EF3648009810B9 /* View sport */,
			);
			path = Immagini;
			sourceTree = "<group>";
		};
		F71EB2AD21EF2D70009810B9 /* Classi */ = {
			isa = PBXGroup;
			children = (
				F71EB2B121EF2E27009810B9 /* Dati.swift */,
				F75929B521FAFCDC0033F4F8 /* ViewAttesa.swift */,
				F75929B721FB1A940033F4F8 /* Celle */,
				F71EB2AE21EF2DC5009810B9 /* ViewController */,
			);
			path = Classi;
			sourceTree = "<group>";
		};
		F71EB2AE21EF2DC5009810B9 /* ViewController */ = {
			isa = PBXGroup;
			children = (
				F75E5457220429320094CC60 /* Main */,
			);
			path = ViewController;
			sourceTree = "<group>";
		};
		F71EB2BD21EF3648009810B9 /* View sport */ = {
			isa = PBXGroup;
			children = (
				F75929BA21FB85EB0033F4F8 /* search.png */,
				F71EB2D121F1D168009810B9 /* loader.png */,
				F71EB2CD21F09F84009810B9 /* info.png */,
				F75929C221FB87B60033F4F8 /* cerchio.png */,
				F75929BC21FB86780033F4F8 /* back.png */,
				F71EB2B521EF2E38009810B9 /* motorsport.png */,
				F71EB2B421EF2E38009810B9 /* rugby.png */,
				F71EB2BE21EF37C4009810B9 /* stellaPiena.png */,
				F71EB2C021EF37CC009810B9 /* stellaVuota.png */,
			);
			path = "View sport";
			sourceTree = "<group>";
		};
		F71EB2C221F09AA2009810B9 /* Icone */ = {
			isa = PBXGroup;
			children = (
				F7755B0421F718A200881DA8 /* settingIco.png */,
				F71EB2C921F09C2D009810B9 /* campoIco.png */,
				F71EB2C421F09ABB009810B9 /* calcioIco.png */,
				F71EB2C721F09AD2009810B9 /* stellaIco.png */,
			);
			path = Icone;
			sourceTree = "<group>";
		};
		F74991AE21EF29C300BAB175 = {
			isa = PBXGroup;
			children = (
				F74991B921EF29C300BAB175 /* Lazzarin_S_sportApp */,
				F74991CE21EF29C500BAB175 /* Lazzarin_S_sportAppTests */,
				F74991D921EF29C500BAB175 /* Lazzarin_S_sportAppUITests */,
				F74991B821EF29C300BAB175 /* Products */,
			);
			sourceTree = "<group>";
		};
		F74991B821EF29C300BAB175 /* Products */ = {
			isa = PBXGroup;
			children = (
				F74991B721EF29C300BAB175 /* Lazzarin_S_sportApp.app */,
				F74991CB21EF29C500BAB175 /* Lazzarin_S_sportAppTests.xctest */,
				F74991D621EF29C500BAB175 /* Lazzarin_S_sportAppUITests.xctest */,
			);
			name = Products;
			sourceTree = "<group>";
		};
		F74991B921EF29C300BAB175 /* Lazzarin_S_sportApp */ = {
			isa = PBXGroup;
			children = (
				F75E5454220428AC0094CC60 /* Storyboard */,
				F71EB2AD21EF2D70009810B9 /* Classi */,
				F71EB2AC21EF2D61009810B9 /* Immagini */,
				F74991BA21EF29C300BAB175 /* AppDelegate.swift */,
				F74991C121EF29C500BAB175 /* Assets.xcassets */,
				F74991C321EF29C500BAB175 /* LaunchScreen.storyboard */,
				F74991C621EF29C500BAB175 /* Info.plist */,
			);
			path = Lazzarin_S_sportApp;
			sourceTree = "<group>";
		};
		F74991CE21EF29C500BAB175 /* Lazzarin_S_sportAppTests */ = {
			isa = PBXGroup;
			children = (
				F74991CF21EF29C500BAB175 /* Lazzarin_S_sportAppTests.swift */,
				F74991D121EF29C500BAB175 /* Info.plist */,
			);
			path = Lazzarin_S_sportAppTests;
			sourceTree = "<group>";
		};
		F74991D921EF29C500BAB175 /* Lazzarin_S_sportAppUITests */ = {
			isa = PBXGroup;
			children = (
				F74991DA21EF29C500BAB175 /* Lazzarin_S_sportAppUITests.swift */,
				F74991DC21EF29C500BAB175 /* Info.plist */,
			);
			path = Lazzarin_S_sportAppUITests;
			sourceTree = "<group>";
		};
		F75929B721FB1A940033F4F8 /* Celle */ = {
			isa = PBXGroup;
			children = (
				F75929B821FB1AC70033F4F8 /* League.swift */,
				F75E54502202E8740094CC60 /* elementoRicerca.swift */,
				F75E54522202FE0B0094CC60 /* elementoSport.swift */,
				F73332F3221E90110067471A /* NoEventi.swift */,
			);
			path = Celle;
			sourceTree = "<group>";
		};
		F75E5454220428AC0094CC60 /* Storyboard */ = {
			isa = PBXGroup;
			children = (
				F74991BE21EF29C300BAB175 /* Main.storyboard */,
			);
			path = Storyboard;
			sourceTree = "<group>";
		};
		F75E5457220429320094CC60 /* Main */ = {
			isa = PBXGroup;
			children = (
				F71EB2AF21EF2E08009810B9 /* Sport.swift */,
				F75E545922042A090094CC60 /* Cerca.swift */,
				F7C92DA621F9CEB2003A14C1 /* Preferiti.swift */,
				F7651C70221443CC00E0ABBC /* Internet.swift */,
				F75ED37B221D4A0E000F7308 /* Eventi.swift */,
			);
			path = Main;
			sourceTree = "<group>";
		};
		F76B913721F9B1B8007A460F /* Cerca */ = {
			isa = PBXGroup;
			children = (
				F76B913A21F9B229007A460F /* player.png */,
				F76B913C21F9B260007A460F /* team.png */,
			);
			path = Cerca;
			sourceTree = "<group>";
		};
		F77361CE220AD7B4000AABE0 /* Bandiere */ = {
			isa = PBXGroup;
			children = (
			);
			path = Bandiere;
			sourceTree = "<group>";
		};
/* End PBXGroup section */

/* Begin PBXNativeTarget section */
		F74991B621EF29C300BAB175 /* Lazzarin_S_sportApp */ = {
			isa = PBXNativeTarget;
			buildConfigurationList = F74991DF21EF29C500BAB175 /* Build configuration list for PBXNativeTarget "Lazzarin_S_sportApp" */;
			buildPhases = (
				F74991B321EF29C300BAB175 /* Sources */,
				F74991B421EF29C300BAB175 /* Frameworks */,
				F74991B521EF29C300BAB175 /* Resources */,
			);
			buildRules = (
			);
			dependencies = (
			);
			name = Lazzarin_S_sportApp;
			productName = Lazzarin_S_sportApp;
			productReference = F74991B721EF29C300BAB175 /* Lazzarin_S_sportApp.app */;
			productType = "com.apple.product-type.application";
		};
		F74991CA21EF29C500BAB175 /* Lazzarin_S_sportAppTests */ = {
			isa = PBXNativeTarget;
			buildConfigurationList = F74991E221EF29C500BAB175 /* Build configuration list for PBXNativeTarget "Lazzarin_S_sportAppTests" */;
			buildPhases = (
				F74991C721EF29C500BAB175 /* Sources */,
				F74991C821EF29C500BAB175 /* Frameworks */,
				F74991C921EF29C500BAB175 /* Resources */,
			);
			buildRules = (
			);
			dependencies = (
				F74991CD21EF29C500BAB175 /* PBXTargetDependency */,
			);
			name = Lazzarin_S_sportAppTests;
			productName = Lazzarin_S_sportAppTests;
			productReference = F74991CB21EF29C500BAB175 /* Lazzarin_S_sportAppTests.xctest */;
			productType = "com.apple.product-type.bundle.unit-test";
		};
		F74991D521EF29C500BAB175 /* Lazzarin_S_sportAppUITests */ = {
			isa = PBXNativeTarget;
			buildConfigurationList = F74991E521EF29C500BAB175 /* Build configuration list for PBXNativeTarget "Lazzarin_S_sportAppUITests" */;
			buildPhases = (
				F74991D221EF29C500BAB175 /* Sources */,
				F74991D321EF29C500BAB175 /* Frameworks */,
				F74991D421EF29C500BAB175 /* Resources */,
			);
			buildRules = (
			);
			dependencies = (
				F74991D821EF29C500BAB175 /* PBXTargetDependency */,
			);
			name = Lazzarin_S_sportAppUITests;
			productName = Lazzarin_S_sportAppUITests;
			productReference = F74991D621EF29C500BAB175 /* Lazzarin_S_sportAppUITests.xctest */;
			productType = "com.apple.product-type.bundle.ui-testing";
		};
/* End PBXNativeTarget section */

/* Begin PBXProject section */
		F74991AF21EF29C300BAB175 /* Project object */ = {
			isa = PBXProject;
			attributes = {
				LastSwiftUpdateCheck = 1010;
				LastUpgradeCheck = 1010;
				ORGANIZATIONNAME = "Leonardo Lazzarin";
				TargetAttributes = {
					F74991B621EF29C300BAB175 = {
						CreatedOnToolsVersion = 10.1;
					};
					F74991CA21EF29C500BAB175 = {
						CreatedOnToolsVersion = 10.1;
						TestTargetID = F74991B621EF29C300BAB175;
					};
					F74991D521EF29C500BAB175 = {
						CreatedOnToolsVersion = 10.1;
						TestTargetID = F74991B621EF29C300BAB175;
					};
				};
			};
			buildConfigurationList = F74991B221EF29C300BAB175 /* Build configuration list for PBXProject "Lazzarin_S_sportApp" */;
			compatibilityVersion = "Xcode 9.3";
			developmentRegion = en;
			hasScannedForEncodings = 0;
			knownRegions = (
				en,
				Base,
			);
			mainGroup = F74991AE21EF29C300BAB175;
			productRefGroup = F74991B821EF29C300BAB175 /* Products */;
			projectDirPath = "";
			projectRoot = "";
			targets = (
				F74991B621EF29C300BAB175 /* Lazzarin_S_sportApp */,
				F74991CA21EF29C500BAB175 /* Lazzarin_S_sportAppTests */,
				F74991D521EF29C500BAB175 /* Lazzarin_S_sportAppUITests */,
			);
		};
/* End PBXProject section */

/* Begin PBXResourcesBuildPhase section */
		F74991B521EF29C300BAB175 /* Resources */ = {
			isa = PBXResourcesBuildPhase;
			buildActionMask = 2147483647;
			files = (
				F75929BB21FB85EB0033F4F8 /* search.png in Resources */,
				F76B913D21F9B261007A460F /* team.png in Resources */,
				F7755B0521F718A200881DA8 /* settingIco.png in Resources */,
				F71EB2B821EF2E38009810B9 /* motorsport.png in Resources */,
				F71EB2B721EF2E38009810B9 /* rugby.png in Resources */,
				F71EB2CA21F09C2E009810B9 /* campoIco.png in Resources */,
				F76B913B21F9B229007A460F /* player.png in Resources */,
				F74991C521EF29C500BAB175 /* LaunchScreen.storyboard in Resources */,
				F74991C221EF29C500BAB175 /* Assets.xcassets in Resources */,
				F71EB2C821F09AD2009810B9 /* stellaIco.png in Resources */,
				F71EB2CE21F09F85009810B9 /* info.png in Resources */,
				F75929C321FB87B60033F4F8 /* cerchio.png in Resources */,
				F71EB2D221F1D16A009810B9 /* loader.png in Resources */,
				F74991C021EF29C300BAB175 /* Main.storyboard in Resources */,
				F71EB2C621F09ABB009810B9 /* calcioIco.png in Resources */,
				F75929BD21FB86780033F4F8 /* back.png in Resources */,
				F71EB2C121EF37CC009810B9 /* stellaVuota.png in Resources */,
				F71EB2BF21EF37C4009810B9 /* stellaPiena.png in Resources */,
			);
			runOnlyForDeploymentPostprocessing = 0;
		};
		F74991C921EF29C500BAB175 /* Resources */ = {
			isa = PBXResourcesBuildPhase;
			buildActionMask = 2147483647;
			files = (
			);
			runOnlyForDeploymentPostprocessing = 0;
		};
		F74991D421EF29C500BAB175 /* Resources */ = {
			isa = PBXResourcesBuildPhase;
			buildActionMask = 2147483647;
			files = (
			);
			runOnlyForDeploymentPostprocessing = 0;
		};
/* End PBXResourcesBuildPhase section */

/* Begin PBXSourcesBuildPhase section */
		F74991B321EF29C300BAB175 /* Sources */ = {
			isa = PBXSourcesBuildPhase;
			buildActionMask = 2147483647;
			files = (
				F7C92DA721F9CEB3003A14C1 /* Preferiti.swift in Sources */,
				F75E54532202FE0B0094CC60 /* elementoSport.swift in Sources */,
				F71EB2B221EF2E27009810B9 /* Dati.swift in Sources */,
				F75929B921FB1AC70033F4F8 /* League.swift in Sources */,
				F7651C71221443CC00E0ABBC /* Internet.swift in Sources */,
				F73332F4221E90110067471A /* NoEventi.swift in Sources */,
				F75929B621FAFCDC0033F4F8 /* ViewAttesa.swift in Sources */,
				F71EB2B021EF2E08009810B9 /* Sport.swift in Sources */,
				F75E54512202E8740094CC60 /* elementoRicerca.swift in Sources */,
				F75E545A22042A090094CC60 /* Cerca.swift in Sources */,
				F75ED37C221D4A0E000F7308 /* Eventi.swift in Sources */,
				F74991BB21EF29C300BAB175 /* AppDelegate.swift in Sources */,
			);
			runOnlyForDeploymentPostprocessing = 0;
		};
		F74991C721EF29C500BAB175 /* Sources */ = {
			isa = PBXSourcesBuildPhase;
			buildActionMask = 2147483647;
			files = (
				F74991D021EF29C500BAB175 /* Lazzarin_S_sportAppTests.swift in Sources */,
			);
			runOnlyForDeploymentPostprocessing = 0;
		};
		F74991D221EF29C500BAB175 /* Sources */ = {
			isa = PBXSourcesBuildPhase;
			buildActionMask = 2147483647;
			files = (
				F74991DB21EF29C500BAB175 /* Lazzarin_S_sportAppUITests.swift in Sources */,
			);
			runOnlyForDeploymentPostprocessing = 0;
		};
/* End PBXSourcesBuildPhase section */

/* Begin PBXTargetDependency section */
		F74991CD21EF29C500BAB175 /* PBXTargetDependency */ = {
			isa = PBXTargetDependency;
			target = F74991B621EF29C300BAB175 /* Lazzarin_S_sportApp */;
			targetProxy = F74991CC21EF29C500BAB175 /* PBXContainerItemProxy */;
		};
		F74991D821EF29C500BAB175 /* PBXTargetDependency */ = {
			isa = PBXTargetDependency;
			target = F74991B621EF29C300BAB175 /* Lazzarin_S_sportApp */;
			targetProxy = F74991D721EF29C500BAB175 /* PBXContainerItemProxy */;
		};
/* End PBXTargetDependency section */

/* Begin PBXVariantGroup section */
		F74991BE21EF29C300BAB175 /* Main.storyboard */ = {
			isa = PBXVariantGroup;
			children = (
				F74991BF21EF29C300BAB175 /* Base */,
			);
			name = Main.storyboard;
			sourceTree = "<group>";
		};
		F74991C321EF29C500BAB175 /* LaunchScreen.storyboard */ = {
			isa = PBXVariantGroup;
			children = (
				F74991C421EF29C500BAB175 /* Base */,
			);
			name = LaunchScreen.storyboard;
			sourceTree = "<group>";
		};
/* End PBXVariantGroup section */

/* Begin XCBuildConfiguration section */
		F74991DD21EF29C500BAB175 /* Debug */ = {
			isa = XCBuildConfiguration;
			buildSettings = {
				ALWAYS_SEARCH_USER_PATHS = NO;
				CLANG_ANALYZER_NONNULL = YES;
				CLANG_ANALYZER_NUMBER_OBJECT_CONVERSION = YES_AGGRESSIVE;
				CLANG_CXX_LANGUAGE_STANDARD = "gnu++14";
				CLANG_CXX_LIBRARY = "libc++";
				CLANG_ENABLE_MODULES = YES;
				CLANG_ENABLE_OBJC_ARC = YES;
				CLANG_ENABLE_OBJC_WEAK = YES;
				CLANG_WARN_BLOCK_CAPTURE_AUTORELEASING = YES;
				CLANG_WARN_BOOL_CONVERSION = YES;
				CLANG_WARN_COMMA = YES;
				CLANG_WARN_CONSTANT_CONVERSION = YES;
				CLANG_WARN_DEPRECATED_OBJC_IMPLEMENTATIONS = YES;
				CLANG_WARN_DIRECT_OBJC_ISA_USAGE = YES_ERROR;
				CLANG_WARN_DOCUMENTATION_COMMENTS = YES;
				CLANG_WARN_EMPTY_BODY = YES;
				CLANG_WARN_ENUM_CONVERSION = YES;
				CLANG_WARN_INFINITE_RECURSION = YES;
				CLANG_WARN_INT_CONVERSION = YES;
				CLANG_WARN_NON_LITERAL_NULL_CONVERSION = YES;
				CLANG_WARN_OBJC_IMPLICIT_RETAIN_SELF = YES;
				CLANG_WARN_OBJC_LITERAL_CONVERSION = YES;
				CLANG_WARN_OBJC_ROOT_CLASS = YES_ERROR;
				CLANG_WARN_RANGE_LOOP_ANALYSIS = YES;
				CLANG_WARN_STRICT_PROTOTYPES = YES;
				CLANG_WARN_SUSPICIOUS_MOVE = YES;
				CLANG_WARN_UNGUARDED_AVAILABILITY = YES_AGGRESSIVE;
				CLANG_WARN_UNREACHABLE_CODE = YES;
				CLANG_WARN__DUPLICATE_METHOD_MATCH = YES;
				CODE_SIGN_IDENTITY = "iPhone Developer";
				COPY_PHASE_STRIP = NO;
				DEBUG_INFORMATION_FORMAT = dwarf;
				ENABLE_STRICT_OBJC_MSGSEND = YES;
				ENABLE_TESTABILITY = YES;
				GCC_C_LANGUAGE_STANDARD = gnu11;
				GCC_DYNAMIC_NO_PIC = NO;
				GCC_NO_COMMON_BLOCKS = YES;
				GCC_OPTIMIZATION_LEVEL = 0;
				GCC_PREPROCESSOR_DEFINITIONS = (
					"DEBUG=1",
					"$(inherited)",
				);
				GCC_WARN_64_TO_32_BIT_CONVERSION = YES;
				GCC_WARN_ABOUT_RETURN_TYPE = YES_ERROR;
				GCC_WARN_UNDECLARED_SELECTOR = YES;
				GCC_WARN_UNINITIALIZED_AUTOS = YES_AGGRESSIVE;
				GCC_WARN_UNUSED_FUNCTION = YES;
				GCC_WARN_UNUSED_VARIABLE = YES;
				IPHONEOS_DEPLOYMENT_TARGET = 12.1;
				MTL_ENABLE_DEBUG_INFO = INCLUDE_SOURCE;
				MTL_FAST_MATH = YES;
				ONLY_ACTIVE_ARCH = YES;
				SDKROOT = iphoneos;
				SWIFT_ACTIVE_COMPILATION_CONDITIONS = DEBUG;
				SWIFT_OPTIMIZATION_LEVEL = "-Onone";
			};
			name = Debug;
		};
		F74991DE21EF29C500BAB175 /* Release */ = {
			isa = XCBuildConfiguration;
			buildSettings = {
				ALWAYS_SEARCH_USER_PATHS = NO;
				CLANG_ANALYZER_NONNULL = YES;
				CLANG_ANALYZER_NUMBER_OBJECT_CONVERSION = YES_AGGRESSIVE;
				CLANG_CXX_LANGUAGE_STANDARD = "gnu++14";
				CLANG_CXX_LIBRARY = "libc++";
				CLANG_ENABLE_MODULES = YES;
				CLANG_ENABLE_OBJC_ARC = YES;
				CLANG_ENABLE_OBJC_WEAK = YES;
				CLANG_WARN_BLOCK_CAPTURE_AUTORELEASING = YES;
				CLANG_WARN_BOOL_CONVERSION = YES;
				CLANG_WARN_COMMA = YES;
				CLANG_WARN_CONSTANT_CONVERSION = YES;
				CLANG_WARN_DEPRECATED_OBJC_IMPLEMENTATIONS = YES;
				CLANG_WARN_DIRECT_OBJC_ISA_USAGE = YES_ERROR;
				CLANG_WARN_DOCUMENTATION_COMMENTS = YES;
				CLANG_WARN_EMPTY_BODY = YES;
				CLANG_WARN_ENUM_CONVERSION = YES;
				CLANG_WARN_INFINITE_RECURSION = YES;
				CLANG_WARN_INT_CONVERSION = YES;
				CLANG_WARN_NON_LITERAL_NULL_CONVERSION = YES;
				CLANG_WARN_OBJC_IMPLICIT_RETAIN_SELF = YES;
				CLANG_WARN_OBJC_LITERAL_CONVERSION = YES;
				CLANG_WARN_OBJC_ROOT_CLASS = YES_ERROR;
				CLANG_WARN_RANGE_LOOP_ANALYSIS = YES;
				CLANG_WARN_STRICT_PROTOTYPES = YES;
				CLANG_WARN_SUSPICIOUS_MOVE = YES;
				CLANG_WARN_UNGUARDED_AVAILABILITY = YES_AGGRESSIVE;
				CLANG_WARN_UNREACHABLE_CODE = YES;
				CLANG_WARN__DUPLICATE_METHOD_MATCH = YES;
				CODE_SIGN_IDENTITY = "iPhone Developer";
				COPY_PHASE_STRIP = NO;
				DEBUG_INFORMATION_FORMAT = "dwarf-with-dsym";
				ENABLE_NS_ASSERTIONS = NO;
				ENABLE_STRICT_OBJC_MSGSEND = YES;
				GCC_C_LANGUAGE_STANDARD = gnu11;
				GCC_NO_COMMON_BLOCKS = YES;
				GCC_WARN_64_TO_32_BIT_CONVERSION = YES;
				GCC_WARN_ABOUT_RETURN_TYPE = YES_ERROR;
				GCC_WARN_UNDECLARED_SELECTOR = YES;
				GCC_WARN_UNINITIALIZED_AUTOS = YES_AGGRESSIVE;
				GCC_WARN_UNUSED_FUNCTION = YES;
				GCC_WARN_UNUSED_VARIABLE = YES;
				IPHONEOS_DEPLOYMENT_TARGET = 12.1;
				MTL_ENABLE_DEBUG_INFO = NO;
				MTL_FAST_MATH = YES;
				SDKROOT = iphoneos;
				SWIFT_COMPILATION_MODE = wholemodule;
				SWIFT_OPTIMIZATION_LEVEL = "-O";
				VALIDATE_PRODUCT = YES;
			};
			name = Release;
		};
		F74991E021EF29C500BAB175 /* Debug */ = {
			isa = XCBuildConfiguration;
			buildSettings = {
				ASSETCATALOG_COMPILER_APPICON_NAME = AppIcon;
				CODE_SIGN_IDENTITY = "iPhone Developer";
				CODE_SIGN_STYLE = Automatic;
				DEVELOPMENT_TEAM = B7HZ6B674L;
				INFOPLIST_FILE = Lazzarin_S_sportApp/Info.plist;
				LD_RUNPATH_SEARCH_PATHS = (
					"$(inherited)",
					"@executable_path/Frameworks",
				);
				PRODUCT_BUNDLE_IDENTIFIER = "it.leonardolazzarin.Lazzarin-S-sportApp";
				PRODUCT_NAME = "$(TARGET_NAME)";
				PROVISIONING_PROFILE_SPECIFIER = "";
				SWIFT_VERSION = 4.2;
				TARGETED_DEVICE_FAMILY = "1,2";
			};
			name = Debug;
		};
		F74991E121EF29C500BAB175 /* Release */ = {
			isa = XCBuildConfiguration;
			buildSettings = {
				ASSETCATALOG_COMPILER_APPICON_NAME = AppIcon;
				CODE_SIGN_IDENTITY = "iPhone Developer";
				CODE_SIGN_STYLE = Automatic;
				DEVELOPMENT_TEAM = B7HZ6B674L;
				INFOPLIST_FILE = Lazzarin_S_sportApp/Info.plist;
				LD_RUNPATH_SEARCH_PATHS = (
					"$(inherited)",
					"@executable_path/Frameworks",
				);
				PRODUCT_BUNDLE_IDENTIFIER = "it.leonardolazzarin.Lazzarin-S-sportApp";
				PRODUCT_NAME = "$(TARGET_NAME)";
				PROVISIONING_PROFILE_SPECIFIER = "";
				SWIFT_VERSION = 4.2;
				TARGETED_DEVICE_FAMILY = "1,2";
			};
			name = Release;
		};
		F74991E321EF29C500BAB175 /* Debug */ = {
			isa = XCBuildConfiguration;
			buildSettings = {
				ALWAYS_EMBED_SWIFT_STANDARD_LIBRARIES = YES;
				BUNDLE_LOADER = "$(TEST_HOST)";
				CODE_SIGN_STYLE = Automatic;
				DEVELOPMENT_TEAM = B7HZ6B674L;
				INFOPLIST_FILE = Lazzarin_S_sportAppTests/Info.plist;
				LD_RUNPATH_SEARCH_PATHS = (
					"$(inherited)",
					"@executable_path/Frameworks",
					"@loader_path/Frameworks",
				);
				PRODUCT_BUNDLE_IDENTIFIER = "it.leonardolazzarin.Lazzarin-S-sportAppTests";
				PRODUCT_NAME = "$(TARGET_NAME)";
				SWIFT_VERSION = 4.2;
				TARGETED_DEVICE_FAMILY = "1,2";
				TEST_HOST = "$(BUILT_PRODUCTS_DIR)/Lazzarin_S_sportApp.app/Lazzarin_S_sportApp";
			};
			name = Debug;
		};
		F74991E421EF29C500BAB175 /* Release */ = {
			isa = XCBuildConfiguration;
			buildSettings = {
				ALWAYS_EMBED_SWIFT_STANDARD_LIBRARIES = YES;
				BUNDLE_LOADER = "$(TEST_HOST)";
				CODE_SIGN_STYLE = Automatic;
				DEVELOPMENT_TEAM = B7HZ6B674L;
				INFOPLIST_FILE = Lazzarin_S_sportAppTests/Info.plist;
				LD_RUNPATH_SEARCH_PATHS = (
					"$(inherited)",
					"@executable_path/Frameworks",
					"@loader_path/Frameworks",
				);
				PRODUCT_BUNDLE_IDENTIFIER = "it.leonardolazzarin.Lazzarin-S-sportAppTests";
				PRODUCT_NAME = "$(TARGET_NAME)";
				SWIFT_VERSION = 4.2;
				TARGETED_DEVICE_FAMILY = "1,2";
				TEST_HOST = "$(BUILT_PRODUCTS_DIR)/Lazzarin_S_sportApp.app/Lazzarin_S_sportApp";
			};
			name = Release;
		};
		F74991E621EF29C500BAB175 /* Debug */ = {
			isa = XCBuildConfiguration;
			buildSettings = {
				ALWAYS_EMBED_SWIFT_STANDARD_LIBRARIES = YES;
				CODE_SIGN_STYLE = Automatic;
				DEVELOPMENT_TEAM = B7HZ6B674L;
				INFOPLIST_FILE = Lazzarin_S_sportAppUITests/Info.plist;
				LD_RUNPATH_SEARCH_PATHS = (
					"$(inherited)",
					"@executable_path/Frameworks",
					"@loader_path/Frameworks",
				);
				PRODUCT_BUNDLE_IDENTIFIER = "it.leonardolazzarin.Lazzarin-S-sportAppUITests";
				PRODUCT_NAME = "$(TARGET_NAME)";
				SWIFT_VERSION = 4.2;
				TARGETED_DEVICE_FAMILY = "1,2";
				TEST_TARGET_NAME = Lazzarin_S_sportApp;
			};
			name = Debug;
		};
		F74991E721EF29C500BAB175 /* Release */ = {
			isa = XCBuildConfiguration;
			buildSettings = {
				ALWAYS_EMBED_SWIFT_STANDARD_LIBRARIES = YES;
				CODE_SIGN_STYLE = Automatic;
				DEVELOPMENT_TEAM = B7HZ6B674L;
				INFOPLIST_FILE = Lazzarin_S_sportAppUITests/Info.plist;
				LD_RUNPATH_SEARCH_PATHS = (
					"$(inherited)",
					"@executable_path/Frameworks",
					"@loader_path/Frameworks",
				);
				PRODUCT_BUNDLE_IDENTIFIER = "it.leonardolazzarin.Lazzarin-S-sportAppUITests";
				PRODUCT_NAME = "$(TARGET_NAME)";
				SWIFT_VERSION = 4.2;
				TARGETED_DEVICE_FAMILY = "1,2";
				TEST_TARGET_NAME = Lazzarin_S_sportApp;
			};
			name = Release;
		};
/* End XCBuildConfiguration section */

/* Begin XCConfigurationList section */
		F74991B221EF29C300BAB175 /* Build configuration list for PBXProject "Lazzarin_S_sportApp" */ = {
			isa = XCConfigurationList;
			buildConfigurations = (
				F74991DD21EF29C500BAB175 /* Debug */,
				F74991DE21EF29C500BAB175 /* Release */,
			);
			defaultConfigurationIsVisible = 0;
			defaultConfigurationName = Release;
		};
		F74991DF21EF29C500BAB175 /* Build configuration list for PBXNativeTarget "Lazzarin_S_sportApp" */ = {
			isa = XCConfigurationList;
			buildConfigurations = (
				F74991E021EF29C500BAB175 /* Debug */,
				F74991E121EF29C500BAB175 /* Release */,
			);
			defaultConfigurationIsVisible = 0;
			defaultConfigurationName = Release;
		};
		F74991E221EF29C500BAB175 /* Build configuration list for PBXNativeTarget "Lazzarin_S_sportAppTests" */ = {
			isa = XCConfigurationList;
			buildConfigurations = (
				F74991E321EF29C500BAB175 /* Debug */,
				F74991E421EF29C500BAB175 /* Release */,
			);
			defaultConfigurationIsVisible = 0;
			defaultConfigurationName = Release;
		};
		F74991E521EF29C500BAB175 /* Build configuration list for PBXNativeTarget "Lazzarin_S_sportAppUITests" */ = {
			isa = XCConfigurationList;
			buildConfigurations = (
				F74991E621EF29C500BAB175 /* Debug */,
				F74991E721EF29C500BAB175 /* Release */,
			);
			defaultConfigurationIsVisible = 0;
			defaultConfigurationName = Release;
		};
/* End XCConfigurationList section */
	};
	rootObject = F74991AF21EF29C300BAB175 /* Project object */;
}
